github.com/davecgh/go-spew v1.1.1 h1:vj9j/u1bqnvCEfJOwUhtlOARqs3+rkHYY13jYWTU97c=
github.com/davecgh/go-spew v1.1.1/go.mod h1:J7Y8YcW2NihsgmVo/mv3lAwl/skON4iLHjSsI+c5H38=
github.com/pmezard/go-difflib v1.0.0 h1:4DBwDE0NGyQoBHbLQYPwSUPoCMWR5BEzIk/f1lZbAQM=
github.com/pmezard/go-difflib v1.0.0/go.mod h1:iKH77koFhYxTK1pcRnkKkqfTogsbg7gZNVY4sRDYZ/4=
github.com/stretchr/testify v1.8.4 h1:CcVxjf3Q8PM0mHUKJCdn+eZZtm5yQwehR5yeSVQQcUk=
github.com/stretchr/testify v1.8.4/go.mod h1:sz/lmYIOXD/1dqDmKjjqLyZ2RngseejIcXlSw2iwfAo=
github.com/zalgonoise/cfg v1.0.0 h1:clcY7XrNtp6tkLycyDSSq72mmxXv08jJtfpiE5fKwR8=
github.com/zalgonoise/cfg v1.0.0/go.mod h1:DQcS1/7atS+KAvDgA3DE0rFXsTWSV0/B8tbX7ZbqDog=
github.com/zalgonoise/x/cli v0.0.0-20240820150912-18874d15ae8a h1:C4/j3zmO0cDbVwl090ekNsLicenoEx3DPcE03WK33p4=
github.com/zalgonoise/x/cli v0.0.0-20240820150912-18874d15ae8a/go.mod h1:dRGdo9vd/EGZPa9zeJXC1gKCJbzOF1LtBSca9SUnERg=
github.com/zalgonoise/x/errs v0.0.0-20240820150912-18874d15ae8a h1:tlEA+a9wos4TwzCQzEVc9ToM6UoDi/g8Bt07cIwQX/Y=
github.com/zalgonoise/x/errs v0.0.0-20240820150912-18874d15ae8a/go.mod h1:4sQ1JRAlCcFLA+uinQlBZIpdA+oN1zuusKW6iDdxDws=
golang.org/x/sys v0.24.0 h1:Twjiwq9dn6R1fQcyiK+wQyHWfaz/BJB+YIpzU/Cv3Xg=
golang.org/x/sys v0.24.0/go.mod h1:/VUhepiaJMQUp4+oa/7Zr1D23ma6VTLIYjOOTFZPUcA=
gopkg.in/yaml.v3 v3.0.1 h1:fxVm/GzAzEWqLHuvctI91KS9hhNmmWOoWu0XTYJS7CA=
gopkg.in/yaml.v3 v3.0.1/go.mod h1:K4uyk7z7BCEPqu6E+C64Yfv1cQ7kz7rIZviUmN+EgEM=
